
Microsoft Visual Studio Solution File, Format Version 12.00
# Visual Studio Version 16
VisualStudioVersion = 16.0.29403.142
MinimumVisualStudioVersion = 10.0.40219.1
Project("{FAE04EC0-301F-11D3-BF4B-00C04F79EFBC}") = "open-lab-03.01", "open-lab-03.01\open-lab-03.01.csproj", "{0D589868-BAD5-4D10-B4BE-1D9D56B2C5E6}"
EndProject
Global
	GlobalSection(SolutionConfigurationPlatforms) = preSolution
		Debug|Any CPU = Debug|Any CPU
		Release|Any CPU = Release|Any CPU
	EndGlobalSection
	GlobalSection(ProjectConfigurationPlatforms) = postSolution
		{0D589868-BAD5-4D10-B4BE-1D9D56B2C5E6}.Debug|Any CPU.ActiveCfg = Debug|Any CPU
		{0D589868-BAD5-4D10-B4BE-1D9D56B2C5E6}.Debug|Any CPU.Build.0 = Debug|Any CPU
		{0D589868-BAD5-4D10-B4BE-1D9D56B2C5E6}.Release|Any CPU.ActiveCfg = Release|Any CPU
		{0D589868-BAD5-4D10-B4BE-1D9D56B2C5E6}.Release|Any CPU.Build.0 = Release|Any CPU
	EndGlobalSection
	GlobalSection(SolutionProperties) = preSolution
		HideSolutionNode = FALSE
	EndGlobalSection
	GlobalSection(ExtensibilityGlobals) = postSolution
		SolutionGuid = {32EA78A4-45AD-4DE6-AA91-D8D4C190A227}
	EndGlobalSection
EndGlobal
